{
    "version": 3,
    "terraform_version": "0.11.8",
    "serial": 2,
    "lineage": "b418b8ed-9673-b73d-f051-20b61fef255d",
    "modules": [
        {
            "path": [
                "root"
            ],
            "outputs": {},
            "resources": {
                "google_compute_network.vpc-demo": {
                    "type": "google_compute_network",
                    "depends_on": [],
                    "primary": {
                        "id": "test-vpc",
                        "attributes": {
                            "auto_create_subnetworks": "false",
                            "description": "",
                            "gateway_ipv4": "",
                            "id": "test-vpc",
                            "ipv4_range": "",
                            "name": "test-vpc",
                            "project": "next-2019",
                            "routing_mode": "REGIONAL",
                            "self_link": "https://www.googleapis.com/compute/v1/projects/next-2019/global/networks/test-vpc"
                        },
                        "meta": {},
                        "tainted": false
                    },
                    "deposed": [],
                    "provider": "provider.google"
                }
            },
            "depends_on": []
        }
    ]
}
